
Microsoft Visual Studio Solution File, Format Version 12.00
Project("{FAE04EC0-301F-11D3-BF4B-00C04F79EFBC}") = "EquipHandover.Web", "EquipHandover.Web\EquipHandover.Web.csproj", "{56099C9C-C456-4F44-B197-D432AF67F76B}"
EndProject
Project("{2150E333-8FDC-42A3-9474-1A3956D46DE8}") = "DataBase", "DataBase", "{795DD2E0-93F1-4F02-B0E5-3AA46E212781}"
EndProject
Project("{FAE04EC0-301F-11D3-BF4B-00C04F79EFBC}") = "EquipHandover.Entities", "EquipHandover.Entities\EquipHandover.Entities.csproj", "{6E290BCB-B462-42B8-A4A1-124DFD4AE89D}"
EndProject
Project("{FAE04EC0-301F-11D3-BF4B-00C04F79EFBC}") = "EquipHandover.Context", "EquipHandover.Context\EquipHandover.Context.csproj", "{EC92B913-00C3-43B4-9C0B-3AC09F1AE809}"
EndProject
Project("{FAE04EC0-301F-11D3-BF4B-00C04F79EFBC}") = "EquipHandover.Entities.Configurations", "EquipHandover.Entities.Configurations\EquipHandover.Entities.Configurations.csproj", "{C914182F-6E91-45A4-A723-838BB4A08768}"
EndProject
Project("{FAE04EC0-301F-11D3-BF4B-00C04F79EFBC}") = "EquipHandover.Context.Contracts", "EquipHandover.Context.Contracts\EquipHandover.Context.Contracts.csproj", "{C2C23357-9957-422D-B1D3-7F687F95E170}"
EndProject
Project("{FAE04EC0-301F-11D3-BF4B-00C04F79EFBC}") = "EquipHandover.Services.Contracts", "EquipHandover.Services.Contracts\EquipHandover.Services.Contracts.csproj", "{43435A62-164F-44B5-9176-5F04CB50A019}"
EndProject
Project("{FAE04EC0-301F-11D3-BF4B-00C04F79EFBC}") = "EquipHandover.Services", "EquipHandover.Services\EquipHandover.Services.csproj", "{0546C0BC-74DC-4D99-89D6-4C1F94FB0B17}"
EndProject
Project("{FAE04EC0-301F-11D3-BF4B-00C04F79EFBC}") = "EquipHandover.Services.Tests", "EquipHandover.Services.Tests\EquipHandover.Services.Tests.csproj", "{55361F47-B013-429E-8D19-FB78E8A590D5}"
EndProject
Project("{FAE04EC0-301F-11D3-BF4B-00C04F79EFBC}") = "EquipHandover.Repositories", "EquipHandover.Repositories\EquipHandover.Repositories.csproj", "{FDDB7C32-5055-4581-AAE1-3C633EB775A5}"
EndProject
Project("{FAE04EC0-301F-11D3-BF4B-00C04F79EFBC}") = "EquipHandover.Repositories.Contracts", "EquipHandover.Repositories.Contracts\EquipHandover.Repositories.Contracts.csproj", "{DE78B325-EC5E-489E-A921-4516FE4F24B0}"
EndProject
Project("{FAE04EC0-301F-11D3-BF4B-00C04F79EFBC}") = "EquipHandover.Common.Contracts", "EquipHandover.Common.Contracts\EquipHandover.Common.Contracts.csproj", "{A0CD8F7E-56A0-486F-9BD2-CDE6DB29A167}"
EndProject
Project("{FAE04EC0-301F-11D3-BF4B-00C04F79EFBC}") = "EquipHandover.Common", "EquipHandover.Common\EquipHandover.Common.csproj", "{304077E6-2268-4807-8EEC-B2EC61E69A49}"
EndProject
Global
	GlobalSection(SolutionConfigurationPlatforms) = preSolution
		Debug|Any CPU = Debug|Any CPU
		Release|Any CPU = Release|Any CPU
	EndGlobalSection
	GlobalSection(ProjectConfigurationPlatforms) = postSolution
		{56099C9C-C456-4F44-B197-D432AF67F76B}.Debug|Any CPU.ActiveCfg = Debug|Any CPU
		{56099C9C-C456-4F44-B197-D432AF67F76B}.Debug|Any CPU.Build.0 = Debug|Any CPU
		{56099C9C-C456-4F44-B197-D432AF67F76B}.Release|Any CPU.ActiveCfg = Release|Any CPU
		{56099C9C-C456-4F44-B197-D432AF67F76B}.Release|Any CPU.Build.0 = Release|Any CPU
		{6E290BCB-B462-42B8-A4A1-124DFD4AE89D}.Debug|Any CPU.ActiveCfg = Debug|Any CPU
		{6E290BCB-B462-42B8-A4A1-124DFD4AE89D}.Debug|Any CPU.Build.0 = Debug|Any CPU
		{6E290BCB-B462-42B8-A4A1-124DFD4AE89D}.Release|Any CPU.ActiveCfg = Release|Any CPU
		{6E290BCB-B462-42B8-A4A1-124DFD4AE89D}.Release|Any CPU.Build.0 = Release|Any CPU
		{EC92B913-00C3-43B4-9C0B-3AC09F1AE809}.Debug|Any CPU.ActiveCfg = Debug|Any CPU
		{EC92B913-00C3-43B4-9C0B-3AC09F1AE809}.Debug|Any CPU.Build.0 = Debug|Any CPU
		{EC92B913-00C3-43B4-9C0B-3AC09F1AE809}.Release|Any CPU.ActiveCfg = Release|Any CPU
		{EC92B913-00C3-43B4-9C0B-3AC09F1AE809}.Release|Any CPU.Build.0 = Release|Any CPU
		{C914182F-6E91-45A4-A723-838BB4A08768}.Debug|Any CPU.ActiveCfg = Debug|Any CPU
		{C914182F-6E91-45A4-A723-838BB4A08768}.Debug|Any CPU.Build.0 = Debug|Any CPU
		{C914182F-6E91-45A4-A723-838BB4A08768}.Release|Any CPU.ActiveCfg = Release|Any CPU
		{C914182F-6E91-45A4-A723-838BB4A08768}.Release|Any CPU.Build.0 = Release|Any CPU
		{C2C23357-9957-422D-B1D3-7F687F95E170}.Debug|Any CPU.ActiveCfg = Debug|Any CPU
		{C2C23357-9957-422D-B1D3-7F687F95E170}.Debug|Any CPU.Build.0 = Debug|Any CPU
		{C2C23357-9957-422D-B1D3-7F687F95E170}.Release|Any CPU.ActiveCfg = Release|Any CPU
		{C2C23357-9957-422D-B1D3-7F687F95E170}.Release|Any CPU.Build.0 = Release|Any CPU
		{43435A62-164F-44B5-9176-5F04CB50A019}.Debug|Any CPU.ActiveCfg = Debug|Any CPU
		{43435A62-164F-44B5-9176-5F04CB50A019}.Debug|Any CPU.Build.0 = Debug|Any CPU
		{43435A62-164F-44B5-9176-5F04CB50A019}.Release|Any CPU.ActiveCfg = Release|Any CPU
		{43435A62-164F-44B5-9176-5F04CB50A019}.Release|Any CPU.Build.0 = Release|Any CPU
		{0546C0BC-74DC-4D99-89D6-4C1F94FB0B17}.Debug|Any CPU.ActiveCfg = Debug|Any CPU
		{0546C0BC-74DC-4D99-89D6-4C1F94FB0B17}.Debug|Any CPU.Build.0 = Debug|Any CPU
		{0546C0BC-74DC-4D99-89D6-4C1F94FB0B17}.Release|Any CPU.ActiveCfg = Release|Any CPU
		{0546C0BC-74DC-4D99-89D6-4C1F94FB0B17}.Release|Any CPU.Build.0 = Release|Any CPU
		{55361F47-B013-429E-8D19-FB78E8A590D5}.Debug|Any CPU.ActiveCfg = Debug|Any CPU
		{55361F47-B013-429E-8D19-FB78E8A590D5}.Debug|Any CPU.Build.0 = Debug|Any CPU
		{55361F47-B013-429E-8D19-FB78E8A590D5}.Release|Any CPU.ActiveCfg = Release|Any CPU
		{55361F47-B013-429E-8D19-FB78E8A590D5}.Release|Any CPU.Build.0 = Release|Any CPU
		{FDDB7C32-5055-4581-AAE1-3C633EB775A5}.Debug|Any CPU.ActiveCfg = Debug|Any CPU
		{FDDB7C32-5055-4581-AAE1-3C633EB775A5}.Debug|Any CPU.Build.0 = Debug|Any CPU
		{FDDB7C32-5055-4581-AAE1-3C633EB775A5}.Release|Any CPU.ActiveCfg = Release|Any CPU
		{FDDB7C32-5055-4581-AAE1-3C633EB775A5}.Release|Any CPU.Build.0 = Release|Any CPU
		{DE78B325-EC5E-489E-A921-4516FE4F24B0}.Debug|Any CPU.ActiveCfg = Debug|Any CPU
		{DE78B325-EC5E-489E-A921-4516FE4F24B0}.Debug|Any CPU.Build.0 = Debug|Any CPU
		{DE78B325-EC5E-489E-A921-4516FE4F24B0}.Release|Any CPU.ActiveCfg = Release|Any CPU
		{DE78B325-EC5E-489E-A921-4516FE4F24B0}.Release|Any CPU.Build.0 = Release|Any CPU
		{A0CD8F7E-56A0-486F-9BD2-CDE6DB29A167}.Debug|Any CPU.ActiveCfg = Debug|Any CPU
		{A0CD8F7E-56A0-486F-9BD2-CDE6DB29A167}.Debug|Any CPU.Build.0 = Debug|Any CPU
		{A0CD8F7E-56A0-486F-9BD2-CDE6DB29A167}.Release|Any CPU.ActiveCfg = Release|Any CPU
		{A0CD8F7E-56A0-486F-9BD2-CDE6DB29A167}.Release|Any CPU.Build.0 = Release|Any CPU
		{304077E6-2268-4807-8EEC-B2EC61E69A49}.Debug|Any CPU.ActiveCfg = Debug|Any CPU
		{304077E6-2268-4807-8EEC-B2EC61E69A49}.Debug|Any CPU.Build.0 = Debug|Any CPU
		{304077E6-2268-4807-8EEC-B2EC61E69A49}.Release|Any CPU.ActiveCfg = Release|Any CPU
		{304077E6-2268-4807-8EEC-B2EC61E69A49}.Release|Any CPU.Build.0 = Release|Any CPU
	EndGlobalSection
	GlobalSection(NestedProjects) = preSolution
		{6E290BCB-B462-42B8-A4A1-124DFD4AE89D} = {795DD2E0-93F1-4F02-B0E5-3AA46E212781}
		{EC92B913-00C3-43B4-9C0B-3AC09F1AE809} = {795DD2E0-93F1-4F02-B0E5-3AA46E212781}
		{C914182F-6E91-45A4-A723-838BB4A08768} = {795DD2E0-93F1-4F02-B0E5-3AA46E212781}
		{C2C23357-9957-422D-B1D3-7F687F95E170} = {795DD2E0-93F1-4F02-B0E5-3AA46E212781}
	EndGlobalSection
EndGlobal
